
Microsoft Visual Studio Solution File, Format Version 12.00
# Visual Studio Version 17
VisualStudioVersion = 17.3.32929.385
MinimumVisualStudioVersion = 10.0.40219.1
Project("{FAE04EC0-301F-11D3-BF4B-00C04F79EFBC}") = "lab2_1", "lab2_1\lab2_1.csproj", "{A79EDFD8-8F01-408B-8FF4-B1B067640BF5}"
EndProject
Global
	GlobalSection(SolutionConfigurationPlatforms) = preSolution
		Debug|Any CPU = Debug|Any CPU
		Release|Any CPU = Release|Any CPU
	EndGlobalSection
	GlobalSection(ProjectConfigurationPlatforms) = postSolution
		{A79EDFD8-8F01-408B-8FF4-B1B067640BF5}.Debug|Any CPU.ActiveCfg = Debug|Any CPU
		{A79EDFD8-8F01-408B-8FF4-B1B067640BF5}.Debug|Any CPU.Build.0 = Debug|Any CPU
		{A79EDFD8-8F01-408B-8FF4-B1B067640BF5}.Release|Any CPU.ActiveCfg = Release|Any CPU
		{A79EDFD8-8F01-408B-8FF4-B1B067640BF5}.Release|Any CPU.Build.0 = Release|Any CPU
	EndGlobalSection
	GlobalSection(SolutionProperties) = preSolution
		HideSolutionNode = FALSE
	EndGlobalSection
	GlobalSection(ExtensibilityGlobals) = postSolution
		SolutionGuid = {DB982BF4-3050-4B39-8B8B-8E064A7F8A18}
	EndGlobalSection
EndGlobal
